
Microsoft Visual Studio Solution File, Format Version 12.00
# Visual Studio Version 17
VisualStudioVersion = 17.6.33723.286
MinimumVisualStudioVersion = 10.0.40219.1
Project("{8BC9CEB8-8B4A-11D0-8D11-00A0C91BC942}") = "01_1_DataInputOutput", "01_1_DataInputOutput\01_1_DataInputOutput.vcxproj", "{23853030-55A2-4760-AC8B-BC4E74E6B090}"
EndProject
Project("{8BC9CEB8-8B4A-11D0-8D11-00A0C91BC942}") = "01_2_DataTypeConversion", "01_2_dataTypeConversion\01_2_dataTypeConversion.vcxproj", "{F50D4A76-7E40-46A0-9F44-0915664D8EA3}"
EndProject
Project("{8BC9CEB8-8B4A-11D0-8D11-00A0C91BC942}") = "01_3_Triangle_area", "01_3_Triangle_area\01_3_Triangle_area.vcxproj", "{B352BCE4-9824-4284-81CB-C262E249B448}"
EndProject
Project("{8BC9CEB8-8B4A-11D0-8D11-00A0C91BC942}") = "02_1_2_Switch", "02_1_2_Switch\02_1_2_Switch.vcxproj", "{83464FF7-6F34-4095-A206-DC18C47CBD93}"
EndProject
Project("{8BC9CEB8-8B4A-11D0-8D11-00A0C91BC942}") = "02_2_1_PostconditionСycle", "02_2_1_PostconditionСycle\02_2_1_PostconditionСycle.vcxproj", "{806A7310-7CD5-49E9-B89C-838862917568}"
EndProject
Project("{8BC9CEB8-8B4A-11D0-8D11-00A0C91BC942}") = "02_2_2_PreconditionСycle", "02_2_2_PreconditionСycle\02_2_2_PreconditionСycle.vcxproj", "{4DD018CE-B177-450D-87EA-428418B8DABE}"
EndProject
Project("{8BC9CEB8-8B4A-11D0-8D11-00A0C91BC942}") = "02_2_3_CompareCycles", "02_2_3_CompareCycles\02_2_3_CompareCycles.vcxproj", "{26DC3D9F-5B35-4941-90EC-0D33FF03280B}"
EndProject
Project("{8BC9CEB8-8B4A-11D0-8D11-00A0C91BC942}") = "02_3_IterationCycle_For", "02_3_IterationCycle_For\02_3_IterationCycle_For.vcxproj", "{E1743772-9507-4F3E-9FB7-7307696A0BB7}"
EndProject
Project("{8BC9CEB8-8B4A-11D0-8D11-00A0C91BC942}") = "02_4_SumsNumbersOnInterval", "02_4_SumsNumbersOnInterval\02_4_SumsNumbersOnInterval.vcxproj", "{95F467D5-27D7-468F-86E7-0CFF1CBE991F}"
EndProject
Project("{8BC9CEB8-8B4A-11D0-8D11-00A0C91BC942}") = "02_5_2_Checking_SNILS (ctrl)", "02_5_2_Checking_SNILS (ctrl)\02_5_2_Checking_SNILS (ctrl).vcxproj", "{E5F1628F-8D9D-4192-AB71-F4D9BA262AF2}"
EndProject
Project("{8BC9CEB8-8B4A-11D0-8D11-00A0C91BC942}") = "02_5_4_Target_shooting (ctrl)", "02_5_4_Target_shooting (ctrl)\02_5_4_Target_shooting (ctrl).vcxproj", "{129FAA68-5F2F-494D-9582-59989BBB9CAC}"
EndProject
Project("{8BC9CEB8-8B4A-11D0-8D11-00A0C91BC942}") = "02_1_1_IfEsle", "02_1_1_IfEsle\02_1_1_IfEsle.vcxproj", "{AFBFFB38-59BF-4B2E-910B-CA2E8E672155}"
EndProject
Project("{8BC9CEB8-8B4A-11D0-8D11-00A0C91BC942}") = "02_5_1_Super_prime (ctrl)", "02_5_1_Super_prime (ctrl)\02_5_1_Super_prime (ctrl).vcxproj", "{2C70B264-85ED-4F03-A379-9A089C6B9171}"
EndProject
Project("{8BC9CEB8-8B4A-11D0-8D11-00A0C91BC942}") = "01_4_Polygon _area (ctrl)", "01_4_Polygon _area (ctrl)\01_4_Polygon _area.vcxproj", "{E42E2570-B3E7-404E-AD3D-6B5F10214869}"
EndProject
Project("{8BC9CEB8-8B4A-11D0-8D11-00A0C91BC942}") = "02_5_3_Coin_Exchange (ctrl)", "02_5_3_Coin_Exchange (ctrl)\02_5_3_Coin_Exchange.vcxproj", "{DA592F80-FBA3-4ECC-8925-04FC0D625BAD}"
EndProject
Project("{8BC9CEB8-8B4A-11D0-8D11-00A0C91BC942}") = "03_1_1_CreateFunction", "03_1_1_CreateFunction\03_1_1_CreateFunction.vcxproj", "{4ED777C6-7DAE-414D-9D9D-689EB82F43F6}"
EndProject
Project("{8BC9CEB8-8B4A-11D0-8D11-00A0C91BC942}") = "03_1_2_Implementation Function", "03_1_2_Implementation Function\03_1_2_Implementation Function.vcxproj", "{0046CDFF-602F-4D59-BA6E-54A0D4D4A7F5}"
EndProject
Project("{8BC9CEB8-8B4A-11D0-8D11-00A0C91BC942}") = "03_2_Overload", "03_2_Overload\03_2_Overload.vcxproj", "{09ADB7AC-E0BA-4842-8346-3F5C3E11D1FD}"
EndProject
Project("{8BC9CEB8-8B4A-11D0-8D11-00A0C91BC942}") = "03_3_ComplexAlgorithm", "03_3_ComplexAlgorithm\03_3_ComplexAlgorithm.vcxproj", "{58337921-55C9-4A10-8389-9E1EEB2AB31D}"
EndProject
Project("{8BC9CEB8-8B4A-11D0-8D11-00A0C91BC942}") = "03_4_Recursion", "03_4_Recursion\03_4_Recursion.vcxproj", "{1D22CF51-2AB5-45E2-B528-617146C435FD}"
EndProject
Project("{8BC9CEB8-8B4A-11D0-8D11-00A0C91BC942}") = "03_5_1_CheckingSNILS (ctrl)", "03_5_1_CheckingSNILS (ctrl)\03_5_1_CheckingSNILS (ctrl).vcxproj", "{6F249EA4-DE27-4418-A3D5-B1290607D170}"
EndProject
Project("{8BC9CEB8-8B4A-11D0-8D11-00A0C91BC942}") = "03_5_2_CubicRootCalculation (ctrl)", "03_5_2_CubicRootCalculation (ctrl)\03_5_2_CubicRootCalculation (ctrl).vcxproj", "{418B5471-CCF5-44E0-8D26-19238169FB2C}"
EndProject
Project("{8BC9CEB8-8B4A-11D0-8D11-00A0C91BC942}") = "03_5_3_AreaTwoTypesTriangles (ctrl)", "03_5_3_AreaTwoTypesTriangles (ctrl)\03_5_3_AreaTwoTypesTriangles (ctrl).vcxproj", "{1400C3DB-6437-48F1-86DB-0356AC938E7F}"
EndProject
Project("{8BC9CEB8-8B4A-11D0-8D11-00A0C91BC942}") = "03_5_4_SeriesSumsCalculation (ctrl)", "03_5_4_SeriesSumsCalculation (ctrl)\03_5_4_SeriesSumsCalculation (ctrl).vcxproj", "{9F7012B4-E35B-4EB0-AB06-A58D2183B358}"
EndProject
Project("{8BC9CEB8-8B4A-11D0-8D11-00A0C91BC942}") = "03_5_5_ConvertingIntegerBinaryCode (ctrl)", "03_5_5_ConvertingIntegerBinaryCode (ctrl)\03_5_5_ConvertingIntegerBinaryCode (ctrl).vcxproj", "{C4AE8B5C-2CD0-4A50-9F7C-E6695B867601}"
EndProject
Project("{8BC9CEB8-8B4A-11D0-8D11-00A0C91BC942}") = "04_1_PointersAndLinks_TransmittingParameters", "04_1_PointersAndLinks_TransmittingParameters\04_1_PointersAndLinks_TransmittingParameters.vcxproj", "{5E3A2993-E59D-42A3-AA48-7CBE6A4DD901}"
EndProject
Project("{8BC9CEB8-8B4A-11D0-8D11-00A0C91BC942}") = "04_2_ValueExchangeFunction", "04_2_ValueExchangeFunction\04_2_ValueExchangeFunction.vcxproj", "{270C8BDA-B70A-4A73-AE1B-E2414FE6C95C}"
EndProject
Project("{8BC9CEB8-8B4A-11D0-8D11-00A0C91BC942}") = "04_3_1_CalculatingRootsQuadraticEquation (ctrl)", "04_3_1_CalculatingRootsQuadraticEquation (ctrl)\04_3_1_CalculatingRootsQuadraticEquation (ctrl).vcxproj", "{FF42106E-1F52-485A-AEF9-912469619C7E}"
EndProject
Project("{8BC9CEB8-8B4A-11D0-8D11-00A0C91BC942}") = "04_3_2_ImplementationDataEntry (ctrl)", "04_3_2_ImplementationDataEntry (ctrl)\04_3_2_ImplementationDataEntry (ctrl).vcxproj", "{97CB200A-3B51-48D9-A2F1-7EADD0977DBE}"
EndProject
Project("{8BC9CEB8-8B4A-11D0-8D11-00A0C91BC942}") = "05_1_ProcessingArrayData", "05_1_ProcessingArrayData\05_1_ProcessingArrayData.vcxproj", "{D7893E3A-80F4-4F05-9B1D-BC649CD83C79}"
EndProject
Project("{8BC9CEB8-8B4A-11D0-8D11-00A0C91BC942}") = "05_2_SortingArray", "05_2_SortingArray\05_2_SortingArray.vcxproj", "{2C2B96D2-1B56-4867-B100-BC0DED648354}"
EndProject
Project("{8BC9CEB8-8B4A-11D0-8D11-00A0C91BC942}") = "05_3_UsingFunctionPointer", "05_3_UsingFunctionPointer\05_3_UsingFunctionPointer.vcxproj", "{952558FA-E7DA-413F-8BD8-76241E89CF6B}"
EndProject
Project("{8BC9CEB8-8B4A-11D0-8D11-00A0C91BC942}") = "05_4_ImplementationDynamicArray", "05_4_ImplementationDynamicArray\05_4_ImplementationDynamicArray.vcxproj", "{93CD1847-1748-426C-83AD-F25165C79B4A}"
EndProject
Project("{8BC9CEB8-8B4A-11D0-8D11-00A0C91BC942}") = "05_5_1_SavingResultsInArray", "05_5_1_SavingResultsInArray\05_5_1_SavingResultsInArray.vcxproj", "{E8734598-FCF2-4323-AB1F-3D3D8A6C0180}"
EndProject
Project("{8BC9CEB8-8B4A-11D0-8D11-00A0C91BC942}") = "05_5_2_ResultSetUnknownSize", "05_5_2_ResultSetUnknownSize\05_5_2_ResultSetUnknownSize.vcxproj", "{D8235761-A5D8-41FA-8CD2-281B310F0540}"
EndProject
Project("{8BC9CEB8-8B4A-11D0-8D11-00A0C91BC942}") = "05_6_1_PassingArrayToFunction (ctrl)", "05_6_1_PassingArrayToFunction (ctrl)\05_6_1_PassingArrayToFunction (ctrl).vcxproj", "{BFDF9E5B-08E5-48F9-8933-9D62439D79E6}"
EndProject
Project("{8BC9CEB8-8B4A-11D0-8D11-00A0C91BC942}") = "05_6_2_ReturningArrayFromFunctionn (ctrl)", "05_6_2_ReturningArrayFromFunctionn (ctrl)\05_6_2_ReturningArrayFromFunctionn (ctrl).vcxproj", "{4EB6705C-062E-43AE-BA6D-4F57DC031BF3}"
EndProject
Project("{8BC9CEB8-8B4A-11D0-8D11-00A0C91BC942}") = "05_6_3_TranspositionSearchAlgorithms (ctrl)", "05_6_3_TranspositionSearchAlgorithms (ctrl)\05_6_3_TranspositionSearchAlgorithms (ctrl).vcxproj", "{8CCF8B2E-4D8E-4690-8C9A-14E98E3A8809}"
EndProject
Project("{8BC9CEB8-8B4A-11D0-8D11-00A0C91BC942}") = "05_6_4_PassingParametersToProgram(ctrl)", "05_6_4_PassingParametersToProgram(ctrl)\05_6_4_PassingParametersToProgram(ctrl).vcxproj", "{6E80CD8D-245B-4313-8427-949136D0AE78}"
EndProject
Project("{8BC9CEB8-8B4A-11D0-8D11-00A0C91BC942}") = "06_1_WritingReadingFromBinaryFile", "06_1_WritingReadingFromBinaryFile\06_1_WritingReadingFromBinaryFile.vcxproj", "{D997F0F2-D6B6-4FD5-8E78-ED0A2F83603D}"
EndProject
Project("{8BC9CEB8-8B4A-11D0-8D11-00A0C91BC942}") = "06_2_JSON_format", "06_2_JSON_format\06_2_JSON_format.vcxproj", "{C2F5C299-CF3B-4868-A94B-E234A60DDF34}"
EndProject
Project("{8BC9CEB8-8B4A-11D0-8D11-00A0C91BC942}") = "06_3_1_WritingTextToFile (ctrl)", "06_3_1_WritingTextToFile (ctrl)\06_3_1_WritingTextToFile (ctrl).vcxproj", "{6DC218C5-5ED4-4ABC-B479-31650EEAA0BD}"
EndProject
Project("{8BC9CEB8-8B4A-11D0-8D11-00A0C91BC942}") = "06_3_2_SavingDataToTextFile (ctrl)", "06_3_2_SavingDataToTextFile (ctrl)\06_3_2_SavingDataToTextFile (ctrl).vcxproj", "{9FE20244-4F6D-4179-AC96-E4D92F1FA674}"
EndProject
Project("{8BC9CEB8-8B4A-11D0-8D11-00A0C91BC942}") = "06_3_3_SavingDataToJSON_File (ctrl)", "06_3_3_SavingDataToJSON_File (ctrl)\06_3_3_SavingDataToJSON_File (ctrl).vcxproj", "{CCFDB8E0-12E3-436D-985E-C080F43ADFA5}"
EndProject
Project("{8BC9CEB8-8B4A-11D0-8D11-00A0C91BC942}") = "07_1_DistanceStructure", "07_1_DistanceStructure\07_1_DistanceStructure.vcxproj", "{BC0D4ECC-6ABB-4EAE-896C-0F449EEBFCCB}"
EndProject
Project("{8BC9CEB8-8B4A-11D0-8D11-00A0C91BC942}") = "07_2_PassingStructureToFunctionByReference", "07_2_PassingStructureToFunctionByReference\07_2_PassingStructureToFunctionByReference.vcxproj", "{81FDF1C7-0183-4A5A-85AC-3FB75E58DBAB}"
EndProject
Project("{8BC9CEB8-8B4A-11D0-8D11-00A0C91BC942}") = "07_3_UsingArrayStructures", "07_3_UsingArrayStructures\07_3_UsingArrayStructures.vcxproj", "{1AE42DF7-E012-4B29-9286-87130BC263BB}"
EndProject
Project("{8BC9CEB8-8B4A-11D0-8D11-00A0C91BC942}") = "07_4_TuplesToRepresentData", "07_4_TuplesToRepresentData\07_4_TuplesToRepresentData.vcxproj", "{CAACDE8E-FF54-4AC0-9E7B-7B95D4735750}"
EndProject
Project("{8BC9CEB8-8B4A-11D0-8D11-00A0C91BC942}") = "07_5_ReturningTupleFromFunction", "07_5_ReturningTupleFromFunction\07_5_ReturningTupleFromFunction.vcxproj", "{39A048A6-6241-4C04-8E61-BF5D310EBB3B}"
EndProject
Global
	GlobalSection(SolutionConfigurationPlatforms) = preSolution
		Debug|x64 = Debug|x64
		Debug|x86 = Debug|x86
		Release|x64 = Release|x64
		Release|x86 = Release|x86
	EndGlobalSection
	GlobalSection(ProjectConfigurationPlatforms) = postSolution
		{23853030-55A2-4760-AC8B-BC4E74E6B090}.Debug|x64.ActiveCfg = Debug|x64
		{23853030-55A2-4760-AC8B-BC4E74E6B090}.Debug|x64.Build.0 = Debug|x64
		{23853030-55A2-4760-AC8B-BC4E74E6B090}.Debug|x86.ActiveCfg = Debug|Win32
		{23853030-55A2-4760-AC8B-BC4E74E6B090}.Debug|x86.Build.0 = Debug|Win32
		{23853030-55A2-4760-AC8B-BC4E74E6B090}.Release|x64.ActiveCfg = Release|x64
		{23853030-55A2-4760-AC8B-BC4E74E6B090}.Release|x64.Build.0 = Release|x64
		{23853030-55A2-4760-AC8B-BC4E74E6B090}.Release|x86.ActiveCfg = Release|Win32
		{23853030-55A2-4760-AC8B-BC4E74E6B090}.Release|x86.Build.0 = Release|Win32
		{F50D4A76-7E40-46A0-9F44-0915664D8EA3}.Debug|x64.ActiveCfg = Debug|x64
		{F50D4A76-7E40-46A0-9F44-0915664D8EA3}.Debug|x64.Build.0 = Debug|x64
		{F50D4A76-7E40-46A0-9F44-0915664D8EA3}.Debug|x86.ActiveCfg = Debug|Win32
		{F50D4A76-7E40-46A0-9F44-0915664D8EA3}.Debug|x86.Build.0 = Debug|Win32
		{F50D4A76-7E40-46A0-9F44-0915664D8EA3}.Release|x64.ActiveCfg = Release|x64
		{F50D4A76-7E40-46A0-9F44-0915664D8EA3}.Release|x64.Build.0 = Release|x64
		{F50D4A76-7E40-46A0-9F44-0915664D8EA3}.Release|x86.ActiveCfg = Release|Win32
		{F50D4A76-7E40-46A0-9F44-0915664D8EA3}.Release|x86.Build.0 = Release|Win32
		{B352BCE4-9824-4284-81CB-C262E249B448}.Debug|x64.ActiveCfg = Debug|x64
		{B352BCE4-9824-4284-81CB-C262E249B448}.Debug|x64.Build.0 = Debug|x64
		{B352BCE4-9824-4284-81CB-C262E249B448}.Debug|x86.ActiveCfg = Debug|Win32
		{B352BCE4-9824-4284-81CB-C262E249B448}.Debug|x86.Build.0 = Debug|Win32
		{B352BCE4-9824-4284-81CB-C262E249B448}.Release|x64.ActiveCfg = Release|x64
		{B352BCE4-9824-4284-81CB-C262E249B448}.Release|x64.Build.0 = Release|x64
		{B352BCE4-9824-4284-81CB-C262E249B448}.Release|x86.ActiveCfg = Release|Win32
		{B352BCE4-9824-4284-81CB-C262E249B448}.Release|x86.Build.0 = Release|Win32
		{83464FF7-6F34-4095-A206-DC18C47CBD93}.Debug|x64.ActiveCfg = Debug|x64
		{83464FF7-6F34-4095-A206-DC18C47CBD93}.Debug|x64.Build.0 = Debug|x64
		{83464FF7-6F34-4095-A206-DC18C47CBD93}.Debug|x86.ActiveCfg = Debug|Win32
		{83464FF7-6F34-4095-A206-DC18C47CBD93}.Debug|x86.Build.0 = Debug|Win32
		{83464FF7-6F34-4095-A206-DC18C47CBD93}.Release|x64.ActiveCfg = Release|x64
		{83464FF7-6F34-4095-A206-DC18C47CBD93}.Release|x64.Build.0 = Release|x64
		{83464FF7-6F34-4095-A206-DC18C47CBD93}.Release|x86.ActiveCfg = Release|Win32
		{83464FF7-6F34-4095-A206-DC18C47CBD93}.Release|x86.Build.0 = Release|Win32
		{806A7310-7CD5-49E9-B89C-838862917568}.Debug|x64.ActiveCfg = Debug|x64
		{806A7310-7CD5-49E9-B89C-838862917568}.Debug|x64.Build.0 = Debug|x64
		{806A7310-7CD5-49E9-B89C-838862917568}.Debug|x86.ActiveCfg = Debug|Win32
		{806A7310-7CD5-49E9-B89C-838862917568}.Debug|x86.Build.0 = Debug|Win32
		{806A7310-7CD5-49E9-B89C-838862917568}.Release|x64.ActiveCfg = Release|x64
		{806A7310-7CD5-49E9-B89C-838862917568}.Release|x64.Build.0 = Release|x64
		{806A7310-7CD5-49E9-B89C-838862917568}.Release|x86.ActiveCfg = Release|Win32
		{806A7310-7CD5-49E9-B89C-838862917568}.Release|x86.Build.0 = Release|Win32
		{4DD018CE-B177-450D-87EA-428418B8DABE}.Debug|x64.ActiveCfg = Debug|x64
		{4DD018CE-B177-450D-87EA-428418B8DABE}.Debug|x64.Build.0 = Debug|x64
		{4DD018CE-B177-450D-87EA-428418B8DABE}.Debug|x86.ActiveCfg = Debug|Win32
		{4DD018CE-B177-450D-87EA-428418B8DABE}.Debug|x86.Build.0 = Debug|Win32
		{4DD018CE-B177-450D-87EA-428418B8DABE}.Release|x64.ActiveCfg = Release|x64
		{4DD018CE-B177-450D-87EA-428418B8DABE}.Release|x64.Build.0 = Release|x64
		{4DD018CE-B177-450D-87EA-428418B8DABE}.Release|x86.ActiveCfg = Release|Win32
		{4DD018CE-B177-450D-87EA-428418B8DABE}.Release|x86.Build.0 = Release|Win32
		{26DC3D9F-5B35-4941-90EC-0D33FF03280B}.Debug|x64.ActiveCfg = Debug|x64
		{26DC3D9F-5B35-4941-90EC-0D33FF03280B}.Debug|x64.Build.0 = Debug|x64
		{26DC3D9F-5B35-4941-90EC-0D33FF03280B}.Debug|x86.ActiveCfg = Debug|Win32
		{26DC3D9F-5B35-4941-90EC-0D33FF03280B}.Debug|x86.Build.0 = Debug|Win32
		{26DC3D9F-5B35-4941-90EC-0D33FF03280B}.Release|x64.ActiveCfg = Release|x64
		{26DC3D9F-5B35-4941-90EC-0D33FF03280B}.Release|x64.Build.0 = Release|x64
		{26DC3D9F-5B35-4941-90EC-0D33FF03280B}.Release|x86.ActiveCfg = Release|Win32
		{26DC3D9F-5B35-4941-90EC-0D33FF03280B}.Release|x86.Build.0 = Release|Win32
		{E1743772-9507-4F3E-9FB7-7307696A0BB7}.Debug|x64.ActiveCfg = Debug|x64
		{E1743772-9507-4F3E-9FB7-7307696A0BB7}.Debug|x64.Build.0 = Debug|x64
		{E1743772-9507-4F3E-9FB7-7307696A0BB7}.Debug|x86.ActiveCfg = Debug|Win32
		{E1743772-9507-4F3E-9FB7-7307696A0BB7}.Debug|x86.Build.0 = Debug|Win32
		{E1743772-9507-4F3E-9FB7-7307696A0BB7}.Release|x64.ActiveCfg = Release|x64
		{E1743772-9507-4F3E-9FB7-7307696A0BB7}.Release|x64.Build.0 = Release|x64
		{E1743772-9507-4F3E-9FB7-7307696A0BB7}.Release|x86.ActiveCfg = Release|Win32
		{E1743772-9507-4F3E-9FB7-7307696A0BB7}.Release|x86.Build.0 = Release|Win32
		{95F467D5-27D7-468F-86E7-0CFF1CBE991F}.Debug|x64.ActiveCfg = Debug|x64
		{95F467D5-27D7-468F-86E7-0CFF1CBE991F}.Debug|x64.Build.0 = Debug|x64
		{95F467D5-27D7-468F-86E7-0CFF1CBE991F}.Debug|x86.ActiveCfg = Debug|Win32
		{95F467D5-27D7-468F-86E7-0CFF1CBE991F}.Debug|x86.Build.0 = Debug|Win32
		{95F467D5-27D7-468F-86E7-0CFF1CBE991F}.Release|x64.ActiveCfg = Release|x64
		{95F467D5-27D7-468F-86E7-0CFF1CBE991F}.Release|x64.Build.0 = Release|x64
		{95F467D5-27D7-468F-86E7-0CFF1CBE991F}.Release|x86.ActiveCfg = Release|Win32
		{95F467D5-27D7-468F-86E7-0CFF1CBE991F}.Release|x86.Build.0 = Release|Win32
		{E5F1628F-8D9D-4192-AB71-F4D9BA262AF2}.Debug|x64.ActiveCfg = Debug|x64
		{E5F1628F-8D9D-4192-AB71-F4D9BA262AF2}.Debug|x64.Build.0 = Debug|x64
		{E5F1628F-8D9D-4192-AB71-F4D9BA262AF2}.Debug|x86.ActiveCfg = Debug|Win32
		{E5F1628F-8D9D-4192-AB71-F4D9BA262AF2}.Debug|x86.Build.0 = Debug|Win32
		{E5F1628F-8D9D-4192-AB71-F4D9BA262AF2}.Release|x64.ActiveCfg = Release|x64
		{E5F1628F-8D9D-4192-AB71-F4D9BA262AF2}.Release|x64.Build.0 = Release|x64
		{E5F1628F-8D9D-4192-AB71-F4D9BA262AF2}.Release|x86.ActiveCfg = Release|Win32
		{E5F1628F-8D9D-4192-AB71-F4D9BA262AF2}.Release|x86.Build.0 = Release|Win32
		{129FAA68-5F2F-494D-9582-59989BBB9CAC}.Debug|x64.ActiveCfg = Debug|x64
		{129FAA68-5F2F-494D-9582-59989BBB9CAC}.Debug|x64.Build.0 = Debug|x64
		{129FAA68-5F2F-494D-9582-59989BBB9CAC}.Debug|x86.ActiveCfg = Debug|Win32
		{129FAA68-5F2F-494D-9582-59989BBB9CAC}.Debug|x86.Build.0 = Debug|Win32
		{129FAA68-5F2F-494D-9582-59989BBB9CAC}.Release|x64.ActiveCfg = Release|x64
		{129FAA68-5F2F-494D-9582-59989BBB9CAC}.Release|x64.Build.0 = Release|x64
		{129FAA68-5F2F-494D-9582-59989BBB9CAC}.Release|x86.ActiveCfg = Release|Win32
		{129FAA68-5F2F-494D-9582-59989BBB9CAC}.Release|x86.Build.0 = Release|Win32
		{AFBFFB38-59BF-4B2E-910B-CA2E8E672155}.Debug|x64.ActiveCfg = Debug|x64
		{AFBFFB38-59BF-4B2E-910B-CA2E8E672155}.Debug|x64.Build.0 = Debug|x64
		{AFBFFB38-59BF-4B2E-910B-CA2E8E672155}.Debug|x86.ActiveCfg = Debug|Win32
		{AFBFFB38-59BF-4B2E-910B-CA2E8E672155}.Debug|x86.Build.0 = Debug|Win32
		{AFBFFB38-59BF-4B2E-910B-CA2E8E672155}.Release|x64.ActiveCfg = Release|x64
		{AFBFFB38-59BF-4B2E-910B-CA2E8E672155}.Release|x64.Build.0 = Release|x64
		{AFBFFB38-59BF-4B2E-910B-CA2E8E672155}.Release|x86.ActiveCfg = Release|Win32
		{AFBFFB38-59BF-4B2E-910B-CA2E8E672155}.Release|x86.Build.0 = Release|Win32
		{2C70B264-85ED-4F03-A379-9A089C6B9171}.Debug|x64.ActiveCfg = Debug|x64
		{2C70B264-85ED-4F03-A379-9A089C6B9171}.Debug|x64.Build.0 = Debug|x64
		{2C70B264-85ED-4F03-A379-9A089C6B9171}.Debug|x86.ActiveCfg = Debug|Win32
		{2C70B264-85ED-4F03-A379-9A089C6B9171}.Debug|x86.Build.0 = Debug|Win32
		{2C70B264-85ED-4F03-A379-9A089C6B9171}.Release|x64.ActiveCfg = Release|x64
		{2C70B264-85ED-4F03-A379-9A089C6B9171}.Release|x64.Build.0 = Release|x64
		{2C70B264-85ED-4F03-A379-9A089C6B9171}.Release|x86.ActiveCfg = Release|Win32
		{2C70B264-85ED-4F03-A379-9A089C6B9171}.Release|x86.Build.0 = Release|Win32
		{E42E2570-B3E7-404E-AD3D-6B5F10214869}.Debug|x64.ActiveCfg = Debug|x64
		{E42E2570-B3E7-404E-AD3D-6B5F10214869}.Debug|x64.Build.0 = Debug|x64
		{E42E2570-B3E7-404E-AD3D-6B5F10214869}.Debug|x86.ActiveCfg = Debug|Win32
		{E42E2570-B3E7-404E-AD3D-6B5F10214869}.Debug|x86.Build.0 = Debug|Win32
		{E42E2570-B3E7-404E-AD3D-6B5F10214869}.Release|x64.ActiveCfg = Release|x64
		{E42E2570-B3E7-404E-AD3D-6B5F10214869}.Release|x64.Build.0 = Release|x64
		{E42E2570-B3E7-404E-AD3D-6B5F10214869}.Release|x86.ActiveCfg = Release|Win32
		{E42E2570-B3E7-404E-AD3D-6B5F10214869}.Release|x86.Build.0 = Release|Win32
		{DA592F80-FBA3-4ECC-8925-04FC0D625BAD}.Debug|x64.ActiveCfg = Debug|x64
		{DA592F80-FBA3-4ECC-8925-04FC0D625BAD}.Debug|x64.Build.0 = Debug|x64
		{DA592F80-FBA3-4ECC-8925-04FC0D625BAD}.Debug|x86.ActiveCfg = Debug|Win32
		{DA592F80-FBA3-4ECC-8925-04FC0D625BAD}.Debug|x86.Build.0 = Debug|Win32
		{DA592F80-FBA3-4ECC-8925-04FC0D625BAD}.Release|x64.ActiveCfg = Release|x64
		{DA592F80-FBA3-4ECC-8925-04FC0D625BAD}.Release|x64.Build.0 = Release|x64
		{DA592F80-FBA3-4ECC-8925-04FC0D625BAD}.Release|x86.ActiveCfg = Release|Win32
		{DA592F80-FBA3-4ECC-8925-04FC0D625BAD}.Release|x86.Build.0 = Release|Win32
		{4ED777C6-7DAE-414D-9D9D-689EB82F43F6}.Debug|x64.ActiveCfg = Debug|x64
		{4ED777C6-7DAE-414D-9D9D-689EB82F43F6}.Debug|x64.Build.0 = Debug|x64
		{4ED777C6-7DAE-414D-9D9D-689EB82F43F6}.Debug|x86.ActiveCfg = Debug|Win32
		{4ED777C6-7DAE-414D-9D9D-689EB82F43F6}.Debug|x86.Build.0 = Debug|Win32
		{4ED777C6-7DAE-414D-9D9D-689EB82F43F6}.Release|x64.ActiveCfg = Release|x64
		{4ED777C6-7DAE-414D-9D9D-689EB82F43F6}.Release|x64.Build.0 = Release|x64
		{4ED777C6-7DAE-414D-9D9D-689EB82F43F6}.Release|x86.ActiveCfg = Release|Win32
		{4ED777C6-7DAE-414D-9D9D-689EB82F43F6}.Release|x86.Build.0 = Release|Win32
		{0046CDFF-602F-4D59-BA6E-54A0D4D4A7F5}.Debug|x64.ActiveCfg = Debug|x64
		{0046CDFF-602F-4D59-BA6E-54A0D4D4A7F5}.Debug|x64.Build.0 = Debug|x64
		{0046CDFF-602F-4D59-BA6E-54A0D4D4A7F5}.Debug|x86.ActiveCfg = Debug|Win32
		{0046CDFF-602F-4D59-BA6E-54A0D4D4A7F5}.Debug|x86.Build.0 = Debug|Win32
		{0046CDFF-602F-4D59-BA6E-54A0D4D4A7F5}.Release|x64.ActiveCfg = Release|x64
		{0046CDFF-602F-4D59-BA6E-54A0D4D4A7F5}.Release|x64.Build.0 = Release|x64
		{0046CDFF-602F-4D59-BA6E-54A0D4D4A7F5}.Release|x86.ActiveCfg = Release|Win32
		{0046CDFF-602F-4D59-BA6E-54A0D4D4A7F5}.Release|x86.Build.0 = Release|Win32
		{09ADB7AC-E0BA-4842-8346-3F5C3E11D1FD}.Debug|x64.ActiveCfg = Debug|x64
		{09ADB7AC-E0BA-4842-8346-3F5C3E11D1FD}.Debug|x64.Build.0 = Debug|x64
		{09ADB7AC-E0BA-4842-8346-3F5C3E11D1FD}.Debug|x86.ActiveCfg = Debug|Win32
		{09ADB7AC-E0BA-4842-8346-3F5C3E11D1FD}.Debug|x86.Build.0 = Debug|Win32
		{09ADB7AC-E0BA-4842-8346-3F5C3E11D1FD}.Release|x64.ActiveCfg = Release|x64
		{09ADB7AC-E0BA-4842-8346-3F5C3E11D1FD}.Release|x64.Build.0 = Release|x64
		{09ADB7AC-E0BA-4842-8346-3F5C3E11D1FD}.Release|x86.ActiveCfg = Release|Win32
		{09ADB7AC-E0BA-4842-8346-3F5C3E11D1FD}.Release|x86.Build.0 = Release|Win32
		{58337921-55C9-4A10-8389-9E1EEB2AB31D}.Debug|x64.ActiveCfg = Debug|x64
		{58337921-55C9-4A10-8389-9E1EEB2AB31D}.Debug|x64.Build.0 = Debug|x64
		{58337921-55C9-4A10-8389-9E1EEB2AB31D}.Debug|x86.ActiveCfg = Debug|Win32
		{58337921-55C9-4A10-8389-9E1EEB2AB31D}.Debug|x86.Build.0 = Debug|Win32
		{58337921-55C9-4A10-8389-9E1EEB2AB31D}.Release|x64.ActiveCfg = Release|x64
		{58337921-55C9-4A10-8389-9E1EEB2AB31D}.Release|x64.Build.0 = Release|x64
		{58337921-55C9-4A10-8389-9E1EEB2AB31D}.Release|x86.ActiveCfg = Release|Win32
		{58337921-55C9-4A10-8389-9E1EEB2AB31D}.Release|x86.Build.0 = Release|Win32
		{1D22CF51-2AB5-45E2-B528-617146C435FD}.Debug|x64.ActiveCfg = Debug|x64
		{1D22CF51-2AB5-45E2-B528-617146C435FD}.Debug|x64.Build.0 = Debug|x64
		{1D22CF51-2AB5-45E2-B528-617146C435FD}.Debug|x86.ActiveCfg = Debug|Win32
		{1D22CF51-2AB5-45E2-B528-617146C435FD}.Debug|x86.Build.0 = Debug|Win32
		{1D22CF51-2AB5-45E2-B528-617146C435FD}.Release|x64.ActiveCfg = Release|x64
		{1D22CF51-2AB5-45E2-B528-617146C435FD}.Release|x64.Build.0 = Release|x64
		{1D22CF51-2AB5-45E2-B528-617146C435FD}.Release|x86.ActiveCfg = Release|Win32
		{1D22CF51-2AB5-45E2-B528-617146C435FD}.Release|x86.Build.0 = Release|Win32
		{6F249EA4-DE27-4418-A3D5-B1290607D170}.Debug|x64.ActiveCfg = Debug|x64
		{6F249EA4-DE27-4418-A3D5-B1290607D170}.Debug|x64.Build.0 = Debug|x64
		{6F249EA4-DE27-4418-A3D5-B1290607D170}.Debug|x86.ActiveCfg = Debug|Win32
		{6F249EA4-DE27-4418-A3D5-B1290607D170}.Debug|x86.Build.0 = Debug|Win32
		{6F249EA4-DE27-4418-A3D5-B1290607D170}.Release|x64.ActiveCfg = Release|x64
		{6F249EA4-DE27-4418-A3D5-B1290607D170}.Release|x64.Build.0 = Release|x64
		{6F249EA4-DE27-4418-A3D5-B1290607D170}.Release|x86.ActiveCfg = Release|Win32
		{6F249EA4-DE27-4418-A3D5-B1290607D170}.Release|x86.Build.0 = Release|Win32
		{418B5471-CCF5-44E0-8D26-19238169FB2C}.Debug|x64.ActiveCfg = Debug|x64
		{418B5471-CCF5-44E0-8D26-19238169FB2C}.Debug|x64.Build.0 = Debug|x64
		{418B5471-CCF5-44E0-8D26-19238169FB2C}.Debug|x86.ActiveCfg = Debug|Win32
		{418B5471-CCF5-44E0-8D26-19238169FB2C}.Debug|x86.Build.0 = Debug|Win32
		{418B5471-CCF5-44E0-8D26-19238169FB2C}.Release|x64.ActiveCfg = Release|x64
		{418B5471-CCF5-44E0-8D26-19238169FB2C}.Release|x64.Build.0 = Release|x64
		{418B5471-CCF5-44E0-8D26-19238169FB2C}.Release|x86.ActiveCfg = Release|Win32
		{418B5471-CCF5-44E0-8D26-19238169FB2C}.Release|x86.Build.0 = Release|Win32
		{1400C3DB-6437-48F1-86DB-0356AC938E7F}.Debug|x64.ActiveCfg = Debug|x64
		{1400C3DB-6437-48F1-86DB-0356AC938E7F}.Debug|x64.Build.0 = Debug|x64
		{1400C3DB-6437-48F1-86DB-0356AC938E7F}.Debug|x86.ActiveCfg = Debug|Win32
		{1400C3DB-6437-48F1-86DB-0356AC938E7F}.Debug|x86.Build.0 = Debug|Win32
		{1400C3DB-6437-48F1-86DB-0356AC938E7F}.Release|x64.ActiveCfg = Release|x64
		{1400C3DB-6437-48F1-86DB-0356AC938E7F}.Release|x64.Build.0 = Release|x64
		{1400C3DB-6437-48F1-86DB-0356AC938E7F}.Release|x86.ActiveCfg = Release|Win32
		{1400C3DB-6437-48F1-86DB-0356AC938E7F}.Release|x86.Build.0 = Release|Win32
		{9F7012B4-E35B-4EB0-AB06-A58D2183B358}.Debug|x64.ActiveCfg = Debug|x64
		{9F7012B4-E35B-4EB0-AB06-A58D2183B358}.Debug|x64.Build.0 = Debug|x64
		{9F7012B4-E35B-4EB0-AB06-A58D2183B358}.Debug|x86.ActiveCfg = Debug|Win32
		{9F7012B4-E35B-4EB0-AB06-A58D2183B358}.Debug|x86.Build.0 = Debug|Win32
		{9F7012B4-E35B-4EB0-AB06-A58D2183B358}.Release|x64.ActiveCfg = Release|x64
		{9F7012B4-E35B-4EB0-AB06-A58D2183B358}.Release|x64.Build.0 = Release|x64
		{9F7012B4-E35B-4EB0-AB06-A58D2183B358}.Release|x86.ActiveCfg = Release|Win32
		{9F7012B4-E35B-4EB0-AB06-A58D2183B358}.Release|x86.Build.0 = Release|Win32
		{C4AE8B5C-2CD0-4A50-9F7C-E6695B867601}.Debug|x64.ActiveCfg = Debug|x64
		{C4AE8B5C-2CD0-4A50-9F7C-E6695B867601}.Debug|x64.Build.0 = Debug|x64
		{C4AE8B5C-2CD0-4A50-9F7C-E6695B867601}.Debug|x86.ActiveCfg = Debug|Win32
		{C4AE8B5C-2CD0-4A50-9F7C-E6695B867601}.Debug|x86.Build.0 = Debug|Win32
		{C4AE8B5C-2CD0-4A50-9F7C-E6695B867601}.Release|x64.ActiveCfg = Release|x64
		{C4AE8B5C-2CD0-4A50-9F7C-E6695B867601}.Release|x64.Build.0 = Release|x64
		{C4AE8B5C-2CD0-4A50-9F7C-E6695B867601}.Release|x86.ActiveCfg = Release|Win32
		{C4AE8B5C-2CD0-4A50-9F7C-E6695B867601}.Release|x86.Build.0 = Release|Win32
		{5E3A2993-E59D-42A3-AA48-7CBE6A4DD901}.Debug|x64.ActiveCfg = Debug|x64
		{5E3A2993-E59D-42A3-AA48-7CBE6A4DD901}.Debug|x64.Build.0 = Debug|x64
		{5E3A2993-E59D-42A3-AA48-7CBE6A4DD901}.Debug|x86.ActiveCfg = Debug|Win32
		{5E3A2993-E59D-42A3-AA48-7CBE6A4DD901}.Debug|x86.Build.0 = Debug|Win32
		{5E3A2993-E59D-42A3-AA48-7CBE6A4DD901}.Release|x64.ActiveCfg = Release|x64
		{5E3A2993-E59D-42A3-AA48-7CBE6A4DD901}.Release|x64.Build.0 = Release|x64
		{5E3A2993-E59D-42A3-AA48-7CBE6A4DD901}.Release|x86.ActiveCfg = Release|Win32
		{5E3A2993-E59D-42A3-AA48-7CBE6A4DD901}.Release|x86.Build.0 = Release|Win32
		{270C8BDA-B70A-4A73-AE1B-E2414FE6C95C}.Debug|x64.ActiveCfg = Debug|x64
		{270C8BDA-B70A-4A73-AE1B-E2414FE6C95C}.Debug|x64.Build.0 = Debug|x64
		{270C8BDA-B70A-4A73-AE1B-E2414FE6C95C}.Debug|x86.ActiveCfg = Debug|Win32
		{270C8BDA-B70A-4A73-AE1B-E2414FE6C95C}.Debug|x86.Build.0 = Debug|Win32
		{270C8BDA-B70A-4A73-AE1B-E2414FE6C95C}.Release|x64.ActiveCfg = Release|x64
		{270C8BDA-B70A-4A73-AE1B-E2414FE6C95C}.Release|x64.Build.0 = Release|x64
		{270C8BDA-B70A-4A73-AE1B-E2414FE6C95C}.Release|x86.ActiveCfg = Release|Win32
		{270C8BDA-B70A-4A73-AE1B-E2414FE6C95C}.Release|x86.Build.0 = Release|Win32
		{FF42106E-1F52-485A-AEF9-912469619C7E}.Debug|x64.ActiveCfg = Debug|x64
		{FF42106E-1F52-485A-AEF9-912469619C7E}.Debug|x64.Build.0 = Debug|x64
		{FF42106E-1F52-485A-AEF9-912469619C7E}.Debug|x86.ActiveCfg = Debug|Win32
		{FF42106E-1F52-485A-AEF9-912469619C7E}.Debug|x86.Build.0 = Debug|Win32
		{FF42106E-1F52-485A-AEF9-912469619C7E}.Release|x64.ActiveCfg = Release|x64
		{FF42106E-1F52-485A-AEF9-912469619C7E}.Release|x64.Build.0 = Release|x64
		{FF42106E-1F52-485A-AEF9-912469619C7E}.Release|x86.ActiveCfg = Release|Win32
		{FF42106E-1F52-485A-AEF9-912469619C7E}.Release|x86.Build.0 = Release|Win32
		{97CB200A-3B51-48D9-A2F1-7EADD0977DBE}.Debug|x64.ActiveCfg = Debug|x64
		{97CB200A-3B51-48D9-A2F1-7EADD0977DBE}.Debug|x64.Build.0 = Debug|x64
		{97CB200A-3B51-48D9-A2F1-7EADD0977DBE}.Debug|x86.ActiveCfg = Debug|Win32
		{97CB200A-3B51-48D9-A2F1-7EADD0977DBE}.Debug|x86.Build.0 = Debug|Win32
		{97CB200A-3B51-48D9-A2F1-7EADD0977DBE}.Release|x64.ActiveCfg = Release|x64
		{97CB200A-3B51-48D9-A2F1-7EADD0977DBE}.Release|x64.Build.0 = Release|x64
		{97CB200A-3B51-48D9-A2F1-7EADD0977DBE}.Release|x86.ActiveCfg = Release|Win32
		{97CB200A-3B51-48D9-A2F1-7EADD0977DBE}.Release|x86.Build.0 = Release|Win32
		{D7893E3A-80F4-4F05-9B1D-BC649CD83C79}.Debug|x64.ActiveCfg = Debug|x64
		{D7893E3A-80F4-4F05-9B1D-BC649CD83C79}.Debug|x64.Build.0 = Debug|x64
		{D7893E3A-80F4-4F05-9B1D-BC649CD83C79}.Debug|x86.ActiveCfg = Debug|Win32
		{D7893E3A-80F4-4F05-9B1D-BC649CD83C79}.Debug|x86.Build.0 = Debug|Win32
		{D7893E3A-80F4-4F05-9B1D-BC649CD83C79}.Release|x64.ActiveCfg = Release|x64
		{D7893E3A-80F4-4F05-9B1D-BC649CD83C79}.Release|x64.Build.0 = Release|x64
		{D7893E3A-80F4-4F05-9B1D-BC649CD83C79}.Release|x86.ActiveCfg = Release|Win32
		{D7893E3A-80F4-4F05-9B1D-BC649CD83C79}.Release|x86.Build.0 = Release|Win32
		{2C2B96D2-1B56-4867-B100-BC0DED648354}.Debug|x64.ActiveCfg = Debug|x64
		{2C2B96D2-1B56-4867-B100-BC0DED648354}.Debug|x64.Build.0 = Debug|x64
		{2C2B96D2-1B56-4867-B100-BC0DED648354}.Debug|x86.ActiveCfg = Debug|Win32
		{2C2B96D2-1B56-4867-B100-BC0DED648354}.Debug|x86.Build.0 = Debug|Win32
		{2C2B96D2-1B56-4867-B100-BC0DED648354}.Release|x64.ActiveCfg = Release|x64
		{2C2B96D2-1B56-4867-B100-BC0DED648354}.Release|x64.Build.0 = Release|x64
		{2C2B96D2-1B56-4867-B100-BC0DED648354}.Release|x86.ActiveCfg = Release|Win32
		{2C2B96D2-1B56-4867-B100-BC0DED648354}.Release|x86.Build.0 = Release|Win32
		{952558FA-E7DA-413F-8BD8-76241E89CF6B}.Debug|x64.ActiveCfg = Debug|x64
		{952558FA-E7DA-413F-8BD8-76241E89CF6B}.Debug|x64.Build.0 = Debug|x64
		{952558FA-E7DA-413F-8BD8-76241E89CF6B}.Debug|x86.ActiveCfg = Debug|Win32
		{952558FA-E7DA-413F-8BD8-76241E89CF6B}.Debug|x86.Build.0 = Debug|Win32
		{952558FA-E7DA-413F-8BD8-76241E89CF6B}.Release|x64.ActiveCfg = Release|x64
		{952558FA-E7DA-413F-8BD8-76241E89CF6B}.Release|x64.Build.0 = Release|x64
		{952558FA-E7DA-413F-8BD8-76241E89CF6B}.Release|x86.ActiveCfg = Release|Win32
		{952558FA-E7DA-413F-8BD8-76241E89CF6B}.Release|x86.Build.0 = Release|Win32
		{93CD1847-1748-426C-83AD-F25165C79B4A}.Debug|x64.ActiveCfg = Debug|x64
		{93CD1847-1748-426C-83AD-F25165C79B4A}.Debug|x64.Build.0 = Debug|x64
		{93CD1847-1748-426C-83AD-F25165C79B4A}.Debug|x86.ActiveCfg = Debug|Win32
		{93CD1847-1748-426C-83AD-F25165C79B4A}.Debug|x86.Build.0 = Debug|Win32
		{93CD1847-1748-426C-83AD-F25165C79B4A}.Release|x64.ActiveCfg = Release|x64
		{93CD1847-1748-426C-83AD-F25165C79B4A}.Release|x64.Build.0 = Release|x64
		{93CD1847-1748-426C-83AD-F25165C79B4A}.Release|x86.ActiveCfg = Release|Win32
		{93CD1847-1748-426C-83AD-F25165C79B4A}.Release|x86.Build.0 = Release|Win32
		{E8734598-FCF2-4323-AB1F-3D3D8A6C0180}.Debug|x64.ActiveCfg = Debug|x64
		{E8734598-FCF2-4323-AB1F-3D3D8A6C0180}.Debug|x64.Build.0 = Debug|x64
		{E8734598-FCF2-4323-AB1F-3D3D8A6C0180}.Debug|x86.ActiveCfg = Debug|Win32
		{E8734598-FCF2-4323-AB1F-3D3D8A6C0180}.Debug|x86.Build.0 = Debug|Win32
		{E8734598-FCF2-4323-AB1F-3D3D8A6C0180}.Release|x64.ActiveCfg = Release|x64
		{E8734598-FCF2-4323-AB1F-3D3D8A6C0180}.Release|x64.Build.0 = Release|x64
		{E8734598-FCF2-4323-AB1F-3D3D8A6C0180}.Release|x86.ActiveCfg = Release|Win32
		{E8734598-FCF2-4323-AB1F-3D3D8A6C0180}.Release|x86.Build.0 = Release|Win32
		{D8235761-A5D8-41FA-8CD2-281B310F0540}.Debug|x64.ActiveCfg = Debug|x64
		{D8235761-A5D8-41FA-8CD2-281B310F0540}.Debug|x64.Build.0 = Debug|x64
		{D8235761-A5D8-41FA-8CD2-281B310F0540}.Debug|x86.ActiveCfg = Debug|Win32
		{D8235761-A5D8-41FA-8CD2-281B310F0540}.Debug|x86.Build.0 = Debug|Win32
		{D8235761-A5D8-41FA-8CD2-281B310F0540}.Release|x64.ActiveCfg = Release|x64
		{D8235761-A5D8-41FA-8CD2-281B310F0540}.Release|x64.Build.0 = Release|x64
		{D8235761-A5D8-41FA-8CD2-281B310F0540}.Release|x86.ActiveCfg = Release|Win32
		{D8235761-A5D8-41FA-8CD2-281B310F0540}.Release|x86.Build.0 = Release|Win32
		{BFDF9E5B-08E5-48F9-8933-9D62439D79E6}.Debug|x64.ActiveCfg = Debug|x64
		{BFDF9E5B-08E5-48F9-8933-9D62439D79E6}.Debug|x64.Build.0 = Debug|x64
		{BFDF9E5B-08E5-48F9-8933-9D62439D79E6}.Debug|x86.ActiveCfg = Debug|Win32
		{BFDF9E5B-08E5-48F9-8933-9D62439D79E6}.Debug|x86.Build.0 = Debug|Win32
		{BFDF9E5B-08E5-48F9-8933-9D62439D79E6}.Release|x64.ActiveCfg = Release|x64
		{BFDF9E5B-08E5-48F9-8933-9D62439D79E6}.Release|x64.Build.0 = Release|x64
		{BFDF9E5B-08E5-48F9-8933-9D62439D79E6}.Release|x86.ActiveCfg = Release|Win32
		{BFDF9E5B-08E5-48F9-8933-9D62439D79E6}.Release|x86.Build.0 = Release|Win32
		{4EB6705C-062E-43AE-BA6D-4F57DC031BF3}.Debug|x64.ActiveCfg = Debug|x64
		{4EB6705C-062E-43AE-BA6D-4F57DC031BF3}.Debug|x64.Build.0 = Debug|x64
		{4EB6705C-062E-43AE-BA6D-4F57DC031BF3}.Debug|x86.ActiveCfg = Debug|Win32
		{4EB6705C-062E-43AE-BA6D-4F57DC031BF3}.Debug|x86.Build.0 = Debug|Win32
		{4EB6705C-062E-43AE-BA6D-4F57DC031BF3}.Release|x64.ActiveCfg = Release|x64
		{4EB6705C-062E-43AE-BA6D-4F57DC031BF3}.Release|x64.Build.0 = Release|x64
		{4EB6705C-062E-43AE-BA6D-4F57DC031BF3}.Release|x86.ActiveCfg = Release|Win32
		{4EB6705C-062E-43AE-BA6D-4F57DC031BF3}.Release|x86.Build.0 = Release|Win32
		{8CCF8B2E-4D8E-4690-8C9A-14E98E3A8809}.Debug|x64.ActiveCfg = Debug|x64
		{8CCF8B2E-4D8E-4690-8C9A-14E98E3A8809}.Debug|x64.Build.0 = Debug|x64
		{8CCF8B2E-4D8E-4690-8C9A-14E98E3A8809}.Debug|x86.ActiveCfg = Debug|Win32
		{8CCF8B2E-4D8E-4690-8C9A-14E98E3A8809}.Debug|x86.Build.0 = Debug|Win32
		{8CCF8B2E-4D8E-4690-8C9A-14E98E3A8809}.Release|x64.ActiveCfg = Release|x64
		{8CCF8B2E-4D8E-4690-8C9A-14E98E3A8809}.Release|x64.Build.0 = Release|x64
		{8CCF8B2E-4D8E-4690-8C9A-14E98E3A8809}.Release|x86.ActiveCfg = Release|Win32
		{8CCF8B2E-4D8E-4690-8C9A-14E98E3A8809}.Release|x86.Build.0 = Release|Win32
		{6E80CD8D-245B-4313-8427-949136D0AE78}.Debug|x64.ActiveCfg = Debug|x64
		{6E80CD8D-245B-4313-8427-949136D0AE78}.Debug|x64.Build.0 = Debug|x64
		{6E80CD8D-245B-4313-8427-949136D0AE78}.Debug|x86.ActiveCfg = Debug|Win32
		{6E80CD8D-245B-4313-8427-949136D0AE78}.Debug|x86.Build.0 = Debug|Win32
		{6E80CD8D-245B-4313-8427-949136D0AE78}.Release|x64.ActiveCfg = Release|x64
		{6E80CD8D-245B-4313-8427-949136D0AE78}.Release|x64.Build.0 = Release|x64
		{6E80CD8D-245B-4313-8427-949136D0AE78}.Release|x86.ActiveCfg = Release|Win32
		{6E80CD8D-245B-4313-8427-949136D0AE78}.Release|x86.Build.0 = Release|Win32
		{D997F0F2-D6B6-4FD5-8E78-ED0A2F83603D}.Debug|x64.ActiveCfg = Debug|x64
		{D997F0F2-D6B6-4FD5-8E78-ED0A2F83603D}.Debug|x64.Build.0 = Debug|x64
		{D997F0F2-D6B6-4FD5-8E78-ED0A2F83603D}.Debug|x86.ActiveCfg = Debug|Win32
		{D997F0F2-D6B6-4FD5-8E78-ED0A2F83603D}.Debug|x86.Build.0 = Debug|Win32
		{D997F0F2-D6B6-4FD5-8E78-ED0A2F83603D}.Release|x64.ActiveCfg = Release|x64
		{D997F0F2-D6B6-4FD5-8E78-ED0A2F83603D}.Release|x64.Build.0 = Release|x64
		{D997F0F2-D6B6-4FD5-8E78-ED0A2F83603D}.Release|x86.ActiveCfg = Release|Win32
		{D997F0F2-D6B6-4FD5-8E78-ED0A2F83603D}.Release|x86.Build.0 = Release|Win32
		{C2F5C299-CF3B-4868-A94B-E234A60DDF34}.Debug|x64.ActiveCfg = Debug|x64
		{C2F5C299-CF3B-4868-A94B-E234A60DDF34}.Debug|x64.Build.0 = Debug|x64
		{C2F5C299-CF3B-4868-A94B-E234A60DDF34}.Debug|x86.ActiveCfg = Debug|Win32
		{C2F5C299-CF3B-4868-A94B-E234A60DDF34}.Debug|x86.Build.0 = Debug|Win32
		{C2F5C299-CF3B-4868-A94B-E234A60DDF34}.Release|x64.ActiveCfg = Release|x64
		{C2F5C299-CF3B-4868-A94B-E234A60DDF34}.Release|x64.Build.0 = Release|x64
		{C2F5C299-CF3B-4868-A94B-E234A60DDF34}.Release|x86.ActiveCfg = Release|Win32
		{C2F5C299-CF3B-4868-A94B-E234A60DDF34}.Release|x86.Build.0 = Release|Win32
		{6DC218C5-5ED4-4ABC-B479-31650EEAA0BD}.Debug|x64.ActiveCfg = Debug|x64
		{6DC218C5-5ED4-4ABC-B479-31650EEAA0BD}.Debug|x64.Build.0 = Debug|x64
		{6DC218C5-5ED4-4ABC-B479-31650EEAA0BD}.Debug|x86.ActiveCfg = Debug|Win32
		{6DC218C5-5ED4-4ABC-B479-31650EEAA0BD}.Debug|x86.Build.0 = Debug|Win32
		{6DC218C5-5ED4-4ABC-B479-31650EEAA0BD}.Release|x64.ActiveCfg = Release|x64
		{6DC218C5-5ED4-4ABC-B479-31650EEAA0BD}.Release|x64.Build.0 = Release|x64
		{6DC218C5-5ED4-4ABC-B479-31650EEAA0BD}.Release|x86.ActiveCfg = Release|Win32
		{6DC218C5-5ED4-4ABC-B479-31650EEAA0BD}.Release|x86.Build.0 = Release|Win32
		{9FE20244-4F6D-4179-AC96-E4D92F1FA674}.Debug|x64.ActiveCfg = Debug|x64
		{9FE20244-4F6D-4179-AC96-E4D92F1FA674}.Debug|x64.Build.0 = Debug|x64
		{9FE20244-4F6D-4179-AC96-E4D92F1FA674}.Debug|x86.ActiveCfg = Debug|Win32
		{9FE20244-4F6D-4179-AC96-E4D92F1FA674}.Debug|x86.Build.0 = Debug|Win32
		{9FE20244-4F6D-4179-AC96-E4D92F1FA674}.Release|x64.ActiveCfg = Release|x64
		{9FE20244-4F6D-4179-AC96-E4D92F1FA674}.Release|x64.Build.0 = Release|x64
		{9FE20244-4F6D-4179-AC96-E4D92F1FA674}.Release|x86.ActiveCfg = Release|Win32
		{9FE20244-4F6D-4179-AC96-E4D92F1FA674}.Release|x86.Build.0 = Release|Win32
		{CCFDB8E0-12E3-436D-985E-C080F43ADFA5}.Debug|x64.ActiveCfg = Debug|x64
		{CCFDB8E0-12E3-436D-985E-C080F43ADFA5}.Debug|x64.Build.0 = Debug|x64
		{CCFDB8E0-12E3-436D-985E-C080F43ADFA5}.Debug|x86.ActiveCfg = Debug|Win32
		{CCFDB8E0-12E3-436D-985E-C080F43ADFA5}.Debug|x86.Build.0 = Debug|Win32
		{CCFDB8E0-12E3-436D-985E-C080F43ADFA5}.Release|x64.ActiveCfg = Release|x64
		{CCFDB8E0-12E3-436D-985E-C080F43ADFA5}.Release|x64.Build.0 = Release|x64
		{CCFDB8E0-12E3-436D-985E-C080F43ADFA5}.Release|x86.ActiveCfg = Release|Win32
		{CCFDB8E0-12E3-436D-985E-C080F43ADFA5}.Release|x86.Build.0 = Release|Win32
		{BC0D4ECC-6ABB-4EAE-896C-0F449EEBFCCB}.Debug|x64.ActiveCfg = Debug|x64
		{BC0D4ECC-6ABB-4EAE-896C-0F449EEBFCCB}.Debug|x64.Build.0 = Debug|x64
		{BC0D4ECC-6ABB-4EAE-896C-0F449EEBFCCB}.Debug|x86.ActiveCfg = Debug|Win32
		{BC0D4ECC-6ABB-4EAE-896C-0F449EEBFCCB}.Debug|x86.Build.0 = Debug|Win32
		{BC0D4ECC-6ABB-4EAE-896C-0F449EEBFCCB}.Release|x64.ActiveCfg = Release|x64
		{BC0D4ECC-6ABB-4EAE-896C-0F449EEBFCCB}.Release|x64.Build.0 = Release|x64
		{BC0D4ECC-6ABB-4EAE-896C-0F449EEBFCCB}.Release|x86.ActiveCfg = Release|Win32
		{BC0D4ECC-6ABB-4EAE-896C-0F449EEBFCCB}.Release|x86.Build.0 = Release|Win32
		{81FDF1C7-0183-4A5A-85AC-3FB75E58DBAB}.Debug|x64.ActiveCfg = Debug|x64
		{81FDF1C7-0183-4A5A-85AC-3FB75E58DBAB}.Debug|x64.Build.0 = Debug|x64
		{81FDF1C7-0183-4A5A-85AC-3FB75E58DBAB}.Debug|x86.ActiveCfg = Debug|Win32
		{81FDF1C7-0183-4A5A-85AC-3FB75E58DBAB}.Debug|x86.Build.0 = Debug|Win32
		{81FDF1C7-0183-4A5A-85AC-3FB75E58DBAB}.Release|x64.ActiveCfg = Release|x64
		{81FDF1C7-0183-4A5A-85AC-3FB75E58DBAB}.Release|x64.Build.0 = Release|x64
		{81FDF1C7-0183-4A5A-85AC-3FB75E58DBAB}.Release|x86.ActiveCfg = Release|Win32
		{81FDF1C7-0183-4A5A-85AC-3FB75E58DBAB}.Release|x86.Build.0 = Release|Win32
		{1AE42DF7-E012-4B29-9286-87130BC263BB}.Debug|x64.ActiveCfg = Debug|x64
		{1AE42DF7-E012-4B29-9286-87130BC263BB}.Debug|x64.Build.0 = Debug|x64
		{1AE42DF7-E012-4B29-9286-87130BC263BB}.Debug|x86.ActiveCfg = Debug|Win32
		{1AE42DF7-E012-4B29-9286-87130BC263BB}.Debug|x86.Build.0 = Debug|Win32
		{1AE42DF7-E012-4B29-9286-87130BC263BB}.Release|x64.ActiveCfg = Release|x64
		{1AE42DF7-E012-4B29-9286-87130BC263BB}.Release|x64.Build.0 = Release|x64
		{1AE42DF7-E012-4B29-9286-87130BC263BB}.Release|x86.ActiveCfg = Release|Win32
		{1AE42DF7-E012-4B29-9286-87130BC263BB}.Release|x86.Build.0 = Release|Win32
		{CAACDE8E-FF54-4AC0-9E7B-7B95D4735750}.Debug|x64.ActiveCfg = Debug|x64
		{CAACDE8E-FF54-4AC0-9E7B-7B95D4735750}.Debug|x64.Build.0 = Debug|x64
		{CAACDE8E-FF54-4AC0-9E7B-7B95D4735750}.Debug|x86.ActiveCfg = Debug|Win32
		{CAACDE8E-FF54-4AC0-9E7B-7B95D4735750}.Debug|x86.Build.0 = Debug|Win32
		{CAACDE8E-FF54-4AC0-9E7B-7B95D4735750}.Release|x64.ActiveCfg = Release|x64
		{CAACDE8E-FF54-4AC0-9E7B-7B95D4735750}.Release|x64.Build.0 = Release|x64
		{CAACDE8E-FF54-4AC0-9E7B-7B95D4735750}.Release|x86.ActiveCfg = Release|Win32
		{CAACDE8E-FF54-4AC0-9E7B-7B95D4735750}.Release|x86.Build.0 = Release|Win32
		{39A048A6-6241-4C04-8E61-BF5D310EBB3B}.Debug|x64.ActiveCfg = Debug|x64
		{39A048A6-6241-4C04-8E61-BF5D310EBB3B}.Debug|x64.Build.0 = Debug|x64
		{39A048A6-6241-4C04-8E61-BF5D310EBB3B}.Debug|x86.ActiveCfg = Debug|Win32
		{39A048A6-6241-4C04-8E61-BF5D310EBB3B}.Debug|x86.Build.0 = Debug|Win32
		{39A048A6-6241-4C04-8E61-BF5D310EBB3B}.Release|x64.ActiveCfg = Release|x64
		{39A048A6-6241-4C04-8E61-BF5D310EBB3B}.Release|x64.Build.0 = Release|x64
		{39A048A6-6241-4C04-8E61-BF5D310EBB3B}.Release|x86.ActiveCfg = Release|Win32
		{39A048A6-6241-4C04-8E61-BF5D310EBB3B}.Release|x86.Build.0 = Release|Win32
	EndGlobalSection
	GlobalSection(SolutionProperties) = preSolution
		HideSolutionNode = FALSE
	EndGlobalSection
	GlobalSection(ExtensibilityGlobals) = postSolution
		SolutionGuid = {489C697D-6C6D-4BD5-B374-8873A01402B9}
	EndGlobalSection
EndGlobal
